# This file is automatically @generated by Cargo.
# It is not intended for manual editing.
version = 4

[[package]]
name = "synveda-audit"
version = "0.1.0"
dependencies = [
 "synveda-types",
]

[[package]]
name = "synveda-cli"
version = "0.1.0"
dependencies = [
 "synveda-types",
]

[[package]]
name = "synveda-gateway"
version = "0.1.0"
dependencies = [
 "synveda-types",
]

[[package]]
name = "synveda-identity"
version = "0.1.0"
dependencies = [
 "synveda-types",
]

[[package]]
name = "synveda-ingest"
version = "0.1.0"
dependencies = [
 "synveda-types",
]

[[package]]
name = "synveda-policy"
version = "0.1.0"
dependencies = [
 "synveda-types",
]

[[package]]
name = "synveda-retrieval"
version = "0.1.0"
dependencies = [
 "synveda-types",
]

[[package]]
name = "synveda-store"
version = "0.1.0"
dependencies = [
 "synveda-types",
]

[[package]]
name = "synveda-types"
version = "0.1.0"

[[package]]
name = "synveda-vedaflow"
version = "0.1.0"
dependencies = [
 "synveda-types",
]
